
Microsoft Visual Studio Solution File, Format Version 12.00
# Visual Studio Version 17
VisualStudioVersion = 17.9.34728.123
MinimumVisualStudioVersion = 10.0.40219.1
Project("{FAE04EC0-301F-11D3-BF4B-00C04F79EFBC}") = "EjercicioPolimorfismo", "EjercicioPolimorfismo\EjercicioPolimorfismo.csproj", "{6EE7C0BD-9C33-43D5-9565-F1F9C631CE07}"
EndProject
Global
	GlobalSection(SolutionConfigurationPlatforms) = preSolution
		Debug|Any CPU = Debug|Any CPU
		Release|Any CPU = Release|Any CPU
	EndGlobalSection
	GlobalSection(ProjectConfigurationPlatforms) = postSolution
		{6EE7C0BD-9C33-43D5-9565-F1F9C631CE07}.Debug|Any CPU.ActiveCfg = Debug|Any CPU
		{6EE7C0BD-9C33-43D5-9565-F1F9C631CE07}.Debug|Any CPU.Build.0 = Debug|Any CPU
		{6EE7C0BD-9C33-43D5-9565-F1F9C631CE07}.Release|Any CPU.ActiveCfg = Release|Any CPU
		{6EE7C0BD-9C33-43D5-9565-F1F9C631CE07}.Release|Any CPU.Build.0 = Release|Any CPU
	EndGlobalSection
	GlobalSection(SolutionProperties) = preSolution
		HideSolutionNode = FALSE
	EndGlobalSection
	GlobalSection(ExtensibilityGlobals) = postSolution
		SolutionGuid = {5801F83C-F020-4418-919C-B13E8D35FD06}
	EndGlobalSection
EndGlobal
